{
  "name": "linkblocks",
  "lockfileVersion": 3,
  "requires": true,
  "packages": {
    "": {
      "devDependencies": {
        "prettier": "^3.2.5",
        "prettier-plugin-jinja-template": "^1.3.2"
      }
    },
    "node_modules/prettier": {
      "version": "3.2.5",
      "resolved": "https://registry.npmjs.org/prettier/-/prettier-3.2.5.tgz",
      "integrity": "sha512-3/GWa9aOC0YeD7LUfvOG2NiDyhOWRvt1k+rcKhOuYnMY24iiCphgneUfJDyFXd6rZCAnuLBv6UeAULtrhT/F4A==",
      "dev": true,
      "bin": {
        "prettier": "bin/prettier.cjs"
      },
      "engines": {
        "node": ">=14"
      },
      "funding": {
        "url": "https://github.com/prettier/prettier?sponsor=1"
      }
    },
    "node_modules/prettier-plugin-jinja-template": {
      "version": "1.3.2",
      "resolved": "https://registry.npmjs.org/prettier-plugin-jinja-template/-/prettier-plugin-jinja-template-1.3.2.tgz",
      "integrity": "sha512-ROglSKajIA4TRxM5othKfhc+dZrWYaVoJW/0EHlN0WwCXS1FmF/2mtfDkJW4wSTBqu7re1svsYMAu+oMGf6T9Q==",
      "dev": true,
      "peerDependencies": {
        "prettier": "^3.0.0"
      }
    }
  }
}
